// !$*UTF8*$!
{
	archiveVersion = 1;
	classes = {
	};
	objectVersion = 50;
	objects = {

/* Begin PBXBuildFile section */
		B1B894BE26A97785004994FB /* CustomFlowLayout.swift in Sources */ = {isa = PBXBuildFile; fileRef = B1B894BD26A97785004994FB /* CustomFlowLayout.swift */; };
		B1B894C126A97ED4004994FB /* CustomCell.swift in Sources */ = {isa = PBXBuildFile; fileRef = B1B894C026A97ED4004994FB /* CustomCell.swift */; };
		B1EBB91A26A975B300DB7089 /* AppDelegate.swift in Sources */ = {isa = PBXBuildFile; fileRef = B1EBB91926A975B300DB7089 /* AppDelegate.swift */; };
		B1EBB91C26A975B300DB7089 /* SceneDelegate.swift in Sources */ = {isa = PBXBuildFile; fileRef = B1EBB91B26A975B300DB7089 /* SceneDelegate.swift */; };
		B1EBB91E26A975B300DB7089 /* ViewController.swift in Sources */ = {isa = PBXBuildFile; fileRef = B1EBB91D26A975B300DB7089 /* ViewController.swift */; };
		B1EBB92126A975B300DB7089 /* Main.storyboard in Resources */ = {isa = PBXBuildFile; fileRef = B1EBB91F26A975B300DB7089 /* Main.storyboard */; };
		B1EBB92326A975B500DB7089 /* Assets.xcassets in Resources */ = {isa = PBXBuildFile; fileRef = B1EBB92226A975B500DB7089 /* Assets.xcassets */; };
		B1EBB92626A975B500DB7089 /* LaunchScreen.storyboard in Resources */ = {isa = PBXBuildFile; fileRef = B1EBB92426A975B500DB7089 /* LaunchScreen.storyboard */; };
/* End PBXBuildFile section */

/* Begin PBXFileReference section */
		B1B894BD26A97785004994FB /* CustomFlowLayout.swift */ = {isa = PBXFileReference; lastKnownFileType = sourcecode.swift; path = CustomFlowLayout.swift; sourceTree = "<group>"; };
		B1B894C026A97ED4004994FB /* CustomCell.swift */ = {isa = PBXFileReference; lastKnownFileType = sourcecode.swift; path = CustomCell.swift; sourceTree = "<group>"; };
		B1EBB91626A975B300DB7089 /* Interactive-Reorder.app */ = {isa = PBXFileReference; explicitFileType = wrapper.application; includeInIndex = 0; path = "Interactive-Reorder.app"; sourceTree = BUILT_PRODUCTS_DIR; };
		B1EBB91926A975B300DB7089 /* AppDelegate.swift */ = {isa = PBXFileReference; lastKnownFileType = sourcecode.swift; path = AppDelegate.swift; sourceTree = "<group>"; };
		B1EBB91B26A975B300DB7089 /* SceneDelegate.swift */ = {isa = PBXFileReference; lastKnownFileType = sourcecode.swift; path = SceneDelegate.swift; sourceTree = "<group>"; };
		B1EBB91D26A975B300DB7089 /* ViewController.swift */ = {isa = PBXFileReference; lastKnownFileType = sourcecode.swift; path = ViewController.swift; sourceTree = "<group>"; };
		B1EBB92026A975B300DB7089 /* Base */ = {isa = PBXFileReference; lastKnownFileType = file.storyboard; name = Base; path = Base.lproj/Main.storyboard; sourceTree = "<group>"; };
		B1EBB92226A975B500DB7089 /* Assets.xcassets */ = {isa = PBXFileReference; lastKnownFileType = folder.assetcatalog; path = Assets.xcassets; sourceTree = "<group>"; };
		B1EBB92526A975B500DB7089 /* Base */ = {isa = PBXFileReference; lastKnownFileType = file.storyboard; name = Base; path = Base.lproj/LaunchScreen.storyboard; sourceTree = "<group>"; };
		B1EBB92726A975B500DB7089 /* Info.plist */ = {isa = PBXFileReference; lastKnownFileType = text.plist.xml; path = Info.plist; sourceTree = "<group>"; };
/* End PBXFileReference section */

/* Begin PBXFrameworksBuildPhase section */
		B1EBB91326A975B300DB7089 /* Frameworks */ = {
			isa = PBXFrameworksBuildPhase;
			buildActionMask = 2147483647;
			files = (
			);
			runOnlyForDeploymentPostprocessing = 0;
		};
/* End PBXFrameworksBuildPhase section */

/* Begin PBXGroup section */
		B1EBB90D26A975B300DB7089 = {
			isa = PBXGroup;
			children = (
				B1EBB91826A975B300DB7089 /* Interactive-Reorder */,
				B1EBB91726A975B300DB7089 /* Products */,
			);
			sourceTree = "<group>";
		};
		B1EBB91726A975B300DB7089 /* Products */ = {
			isa = PBXGroup;
			children = (
				B1EBB91626A975B300DB7089 /* Interactive-Reorder.app */,
			);
			name = Products;
			sourceTree = "<group>";
		};
		B1EBB91826A975B300DB7089 /* Interactive-Reorder */ = {
			isa = PBXGroup;
			children = (
				B1EBB91926A975B300DB7089 /* AppDelegate.swift */,
				B1EBB91B26A975B300DB7089 /* SceneDelegate.swift */,
				B1EBB91D26A975B300DB7089 /* ViewController.swift */,
				B1B894C026A97ED4004994FB /* CustomCell.swift */,
				B1B894BD26A97785004994FB /* CustomFlowLayout.swift */,
				B1EBB91F26A975B300DB7089 /* Main.storyboard */,
				B1EBB92226A975B500DB7089 /* Assets.xcassets */,
				B1EBB92426A975B500DB7089 /* LaunchScreen.storyboard */,
				B1EBB92726A975B500DB7089 /* Info.plist */,
			);
			path = "Interactive-Reorder";
			sourceTree = "<group>";
		};
/* End PBXGroup section */

/* Begin PBXNativeTarget section */
		B1EBB91526A975B300DB7089 /* Interactive-Reorder */ = {
			isa = PBXNativeTarget;
			buildConfigurationList = B1EBB92A26A975B500DB7089 /* Build configuration list for PBXNativeTarget "Interactive-Reorder" */;
			buildPhases = (
				B1EBB91226A975B300DB7089 /* Sources */,
				B1EBB91326A975B300DB7089 /* Frameworks */,
				B1EBB91426A975B300DB7089 /* Resources */,
			);
			buildRules = (
			);
			dependencies = (
			);
			name = "Interactive-Reorder";
			productName = "Interactive-Reorder";
			productReference = B1EBB91626A975B300DB7089 /* Interactive-Reorder.app */;
			productType = "com.apple.product-type.application";
		};
/* End PBXNativeTarget section */

/* Begin PBXProject section */
		B1EBB90E26A975B300DB7089 /* Project object */ = {
			isa = PBXProject;
			attributes = {
				LastSwiftUpdateCheck = 1240;
				LastUpgradeCheck = 1240;
				TargetAttributes = {
					B1EBB91526A975B300DB7089 = {
						CreatedOnToolsVersion = 12.4;
					};
				};
			};
			buildConfigurationList = B1EBB91126A975B300DB7089 /* Build configuration list for PBXProject "Interactive-Reorder" */;
			compatibilityVersion = "Xcode 9.3";
			developmentRegion = en;
			hasScannedForEncodings = 0;
			knownRegions = (
				en,
				Base,
			);
			mainGroup = B1EBB90D26A975B300DB7089;
			productRefGroup = B1EBB91726A975B300DB7089 /* Products */;
			projectDirPath = "";
			projectRoot = "";
			targets = (
				B1EBB91526A975B300DB7089 /* Interactive-Reorder */,
			);
		};
/* End PBXProject section */

/* Begin PBXResourcesBuildPhase section */
		B1EBB91426A975B300DB7089 /* Resources */ = {
			isa = PBXResourcesBuildPhase;
			buildActionMask = 2147483647;
			files = (
				B1EBB92626A975B500DB7089 /* LaunchScreen.storyboard in Resources */,
				B1EBB92326A975B500DB7089 /* Assets.xcassets in Resources */,
				B1EBB92126A975B300DB7089 /* Main.storyboard in Resources */,
			);
			runOnlyForDeploymentPostprocessing = 0;
		};
/* End PBXResourcesBuildPhase section */

/* Begin PBXSourcesBuildPhase section */
		B1EBB91226A975B300DB7089 /* Sources */ = {
			isa = PBXSourcesBuildPhase;
			buildActionMask = 2147483647;
			files = (
				B1EBB91E26A975B300DB7089 /* ViewController.swift in Sources */,
				B1EBB91A26A975B300DB7089 /* AppDelegate.swift in Sources */,
				B1B894C126A97ED4004994FB /* CustomCell.swift in Sources */,
				B1B894BE26A97785004994FB /* CustomFlowLayout.swift in Sources */,
				B1EBB91C26A975B300DB7089 /* SceneDelegate.swift in Sources */,
			);
			runOnlyForDeploymentPostprocessing = 0;
		};
/* End PBXSourcesBuildPhase section */

/* Begin PBXVariantGroup section */
		B1EBB91F26A975B300DB7089 /* Main.storyboard */ = {
			isa = PBXVariantGroup;
			children = (
				B1EBB92026A975B300DB7089 /* Base */,
			);
			name = Main.storyboard;
			sourceTree = "<group>";
		};
		B1EBB92426A975B500DB7089 /* LaunchScreen.storyboard */ = {
			isa = PBXVariantGroup;
			children = (
				B1EBB92526A975B500DB7089 /* Base */,
			);
			name = LaunchScreen.storyboard;
			sourceTree = "<group>";
		};
/* End PBXVariantGroup section */

/* Begin XCBuildConfiguration section */
		B1EBB92826A975B500DB7089 /* Debug */ = {
			isa = XCBuildConfiguration;
			buildSettings = {
				ALWAYS_SEARCH_USER_PATHS = NO;
				CLANG_ANALYZER_NONNULL = YES;
				CLANG_ANALYZER_NUMBER_OBJECT_CONVERSION = YES_AGGRESSIVE;
				CLANG_CXX_LANGUAGE_STANDARD = "gnu++14";
				CLANG_CXX_LIBRARY = "libc++";
				CLANG_ENABLE_MODULES = YES;
				CLANG_ENABLE_OBJC_ARC = YES;
				CLANG_ENABLE_OBJC_WEAK = YES;
				CLANG_WARN_BLOCK_CAPTURE_AUTORELEASING = YES;
				CLANG_WARN_BOOL_CONVERSION = YES;
				CLANG_WARN_COMMA = YES;
				CLANG_WARN_CONSTANT_CONVERSION = YES;
				CLANG_WARN_DEPRECATED_OBJC_IMPLEMENTATIONS = YES;
				CLANG_WARN_DIRECT_OBJC_ISA_USAGE = YES_ERROR;
				CLANG_WARN_DOCUMENTATION_COMMENTS = YES;
				CLANG_WARN_EMPTY_BODY = YES;
				CLANG_WARN_ENUM_CONVERSION = YES;
				CLANG_WARN_INFINITE_RECURSION = YES;
				CLANG_WARN_INT_CONVERSION = YES;
				CLANG_WARN_NON_LITERAL_NULL_CONVERSION = YES;
				CLANG_WARN_OBJC_IMPLICIT_RETAIN_SELF = YES;
				CLANG_WARN_OBJC_LITERAL_CONVERSION = YES;
				CLANG_WARN_OBJC_ROOT_CLASS = YES_ERROR;
				CLANG_WARN_QUOTED_INCLUDE_IN_FRAMEWORK_HEADER = YES;
				CLANG_WARN_RANGE_LOOP_ANALYSIS = YES;
				CLANG_WARN_STRICT_PROTOTYPES = YES;
				CLANG_WARN_SUSPICIOUS_MOVE = YES;
				CLANG_WARN_UNGUARDED_AVAILABILITY = YES_AGGRESSIVE;
				CLANG_WARN_UNREACHABLE_CODE = YES;
				CLANG_WARN__DUPLICATE_METHOD_MATCH = YES;
				COPY_PHASE_STRIP = NO;
				DEBUG_INFORMATION_FORMAT = dwarf;
				ENABLE_STRICT_OBJC_MSGSEND = YES;
				ENABLE_TESTABILITY = YES;
				GCC_C_LANGUAGE_STANDARD = gnu11;
				GCC_DYNAMIC_NO_PIC = NO;
				GCC_NO_COMMON_BLOCKS = YES;
				GCC_OPTIMIZATION_LEVEL = 0;
				GCC_PREPROCESSOR_DEFINITIONS = (
					"DEBUG=1",
					"$(inherited)",
				);
				GCC_WARN_64_TO_32_BIT_CONVERSION = YES;
				GCC_WARN_ABOUT_RETURN_TYPE = YES_ERROR;
				GCC_WARN_UNDECLARED_SELECTOR = YES;
				GCC_WARN_UNINITIALIZED_AUTOS = YES_AGGRESSIVE;
				GCC_WARN_UNUSED_FUNCTION = YES;
				GCC_WARN_UNUSED_VARIABLE = YES;
				IPHONEOS_DEPLOYMENT_TARGET = 14.4;
				MTL_ENABLE_DEBUG_INFO = INCLUDE_SOURCE;
				MTL_FAST_MATH = YES;
				ONLY_ACTIVE_ARCH = YES;
				SDKROOT = iphoneos;
				SWIFT_ACTIVE_COMPILATION_CONDITIONS = DEBUG;
				SWIFT_OPTIMIZATION_LEVEL = "-Onone";
			};
			name = Debug;
		};
		B1EBB92926A975B500DB7089 /* Release */ = {
			isa = XCBuildConfiguration;
			buildSettings = {
				ALWAYS_SEARCH_USER_PATHS = NO;
				CLANG_ANALYZER_NONNULL = YES;
				CLANG_ANALYZER_NUMBER_OBJECT_CONVERSION = YES_AGGRESSIVE;
				CLANG_CXX_LANGUAGE_STANDARD = "gnu++14";
				CLANG_CXX_LIBRARY = "libc++";
				CLANG_ENABLE_MODULES = YES;
				CLANG_ENABLE_OBJC_ARC = YES;
				CLANG_ENABLE_OBJC_WEAK = YES;
				CLANG_WARN_BLOCK_CAPTURE_AUTORELEASING = YES;
				CLANG_WARN_BOOL_CONVERSION = YES;
				CLANG_WARN_COMMA = YES;
				CLANG_WARN_CONSTANT_CONVERSION = YES;
				CLANG_WARN_DEPRECATED_OBJC_IMPLEMENTATIONS = YES;
				CLANG_WARN_DIRECT_OBJC_ISA_USAGE = YES_ERROR;
				CLANG_WARN_DOCUMENTATION_COMMENTS = YES;
				CLANG_WARN_EMPTY_BODY = YES;
				CLANG_WARN_ENUM_CONVERSION = YES;
				CLANG_WARN_INFINITE_RECURSION = YES;
				CLANG_WARN_INT_CONVERSION = YES;
				CLANG_WARN_NON_LITERAL_NULL_CONVERSION = YES;
				CLANG_WARN_OBJC_IMPLICIT_RETAIN_SELF = YES;
				CLANG_WARN_OBJC_LITERAL_CONVERSION = YES;
				CLANG_WARN_OBJC_ROOT_CLASS = YES_ERROR;
				CLANG_WARN_QUOTED_INCLUDE_IN_FRAMEWORK_HEADER = YES;
				CLANG_WARN_RANGE_LOOP_ANALYSIS = YES;
				CLANG_WARN_STRICT_PROTOTYPES = YES;
				CLANG_WARN_SUSPICIOUS_MOVE = YES;
				CLANG_WARN_UNGUARDED_AVAILABILITY = YES_AGGRESSIVE;
				CLANG_WARN_UNREACHABLE_CODE = YES;
				CLANG_WARN__DUPLICATE_METHOD_MATCH = YES;
				COPY_PHASE_STRIP = NO;
				DEBUG_INFORMATION_FORMAT = "dwarf-with-dsym";
				ENABLE_NS_ASSERTIONS = NO;
				ENABLE_STRICT_OBJC_MSGSEND = YES;
				GCC_C_LANGUAGE_STANDARD = gnu11;
				GCC_NO_COMMON_BLOCKS = YES;
				GCC_WARN_64_TO_32_BIT_CONVERSION = YES;
				GCC_WARN_ABOUT_RETURN_TYPE = YES_ERROR;
				GCC_WARN_UNDECLARED_SELECTOR = YES;
				GCC_WARN_UNINITIALIZED_AUTOS = YES_AGGRESSIVE;
				GCC_WARN_UNUSED_FUNCTION = YES;
				GCC_WARN_UNUSED_VARIABLE = YES;
				IPHONEOS_DEPLOYMENT_TARGET = 14.4;
				MTL_ENABLE_DEBUG_INFO = NO;
				MTL_FAST_MATH = YES;
				SDKROOT = iphoneos;
				SWIFT_COMPILATION_MODE = wholemodule;
				SWIFT_OPTIMIZATION_LEVEL = "-O";
				VALIDATE_PRODUCT = YES;
			};
			name = Release;
		};
		B1EBB92B26A975B500DB7089 /* Debug */ = {
			isa = XCBuildConfiguration;
			buildSettings = {
				ASSETCATALOG_COMPILER_APPICON_NAME = AppIcon;
				ASSETCATALOG_COMPILER_GLOBAL_ACCENT_COLOR_NAME = AccentColor;
				CODE_SIGN_STYLE = Automatic;
				DEVELOPMENT_TEAM = A2W4M4RMYJ;
				INFOPLIST_FILE = "Interactive-Reorder/Info.plist";
				LD_RUNPATH_SEARCH_PATHS = (
					"$(inherited)",
					"@executable_path/Frameworks",
				);
				PRODUCT_BUNDLE_IDENTIFIER = "rohan-invideo.Interactive-Reorder";
				PRODUCT_NAME = "$(TARGET_NAME)";
				SWIFT_VERSION = 5.0;
				TARGETED_DEVICE_FAMILY = "1,2";
			};
			name = Debug;
		};
		B1EBB92C26A975B500DB7089 /* Release */ = {
			isa = XCBuildConfiguration;
			buildSettings = {
				ASSETCATALOG_COMPILER_APPICON_NAME = AppIcon;
				ASSETCATALOG_COMPILER_GLOBAL_ACCENT_COLOR_NAME = AccentColor;
				CODE_SIGN_STYLE = Automatic;
				DEVELOPMENT_TEAM = A2W4M4RMYJ;
				INFOPLIST_FILE = "Interactive-Reorder/Info.plist";
				LD_RUNPATH_SEARCH_PATHS = (
					"$(inherited)",
					"@executable_path/Frameworks",
				);
				PRODUCT_BUNDLE_IDENTIFIER = "rohan-invideo.Interactive-Reorder";
				PRODUCT_NAME = "$(TARGET_NAME)";
				SWIFT_VERSION = 5.0;
				TARGETED_DEVICE_FAMILY = "1,2";
			};
			name = Release;
		};
/* End XCBuildConfiguration section */

/* Begin XCConfigurationList section */
		B1EBB91126A975B300DB7089 /* Build configuration list for PBXProject "Interactive-Reorder" */ = {
			isa = XCConfigurationList;
			buildConfigurations = (
				B1EBB92826A975B500DB7089 /* Debug */,
				B1EBB92926A975B500DB7089 /* Release */,
			);
			defaultConfigurationIsVisible = 0;
			defaultConfigurationName = Release;
		};
		B1EBB92A26A975B500DB7089 /* Build configuration list for PBXNativeTarget "Interactive-Reorder" */ = {
			isa = XCConfigurationList;
			buildConfigurations = (
				B1EBB92B26A975B500DB7089 /* Debug */,
				B1EBB92C26A975B500DB7089 /* Release */,
			);
			defaultConfigurationIsVisible = 0;
			defaultConfigurationName = Release;
		};
/* End XCConfigurationList section */
	};
	rootObject = B1EBB90E26A975B300DB7089 /* Project object */;
}
